schema: '2.0'
stages:
  features:
    cmd: python3 scripts/data_processing/get_features.py data/train.csv
    deps:
    - path: data/train.csv
      hash: md5
      md5: 6d274cfee2b0b41385c8f1ab5dcc8b97
      size: 12145257
    - path: scripts/data_processing/get_features.py
      hash: md5
      md5: 6984b4b25f863eb65b057a67513f113d
      size: 365
    outs:
    - path: data/stage1
      hash: md5
      md5: dc8315a78c5fbfc580134ed8993ef641.dir
      size: 12145257
      nfiles: 1
  prepared:
    cmd: python3 scripts/data_processing/prepared.py data/stage1/train.csv
    deps:
    - path: data/stage1/train.csv
      hash: md5
      md5: 6d274cfee2b0b41385c8f1ab5dcc8b97
      size: 12145257
    - path: scripts/data_processing/prepared.py
      hash: md5
      md5: 1cdab5cbc6f4d139afc5c47d7ee156d1
      size: 365
    outs:
    - path: data/stage2
      hash: md5
      md5: dc8315a78c5fbfc580134ed8993ef641.dir
      size: 12145257
      nfiles: 1
